lockfileVersion: 5.3

importers:

  .:
    specifiers: {}

  vue3/javascript-configured-include-directory:
    specifiers:
      vue: ^3.2
    dependencies:
      vue: 3.2.1

  vue3/javascript-configured-include-file:
    specifiers:
      vue: ^3.2
    dependencies:
      vue: 3.2.1

  vue3/javascript-unconfigured:
    specifiers:
      vue: ^3.2
    dependencies:
      vue: 3.2.1

  vue3/typescript-configured-include-directory:
    specifiers:
      vue: ^3.2
    dependencies:
      vue: 3.2.1

  vue3/typescript-configured-include-file:
    specifiers:
      vue: ^3.2
    dependencies:
      vue: 3.2.1

  vue3/typescript-diagnostics:
    specifiers:
      vue: ^3.2
    dependencies:
      vue: 3.2.1

  vue3/typescript-unconfigured:
    specifiers:
      vue: ^3.2
    dependencies:
      vue: 3.2.1

  vue3/typescript-with-vueconfig:
    specifiers:
      vue: ^3.2
      vue-router: ^4.0
    dependencies:
      vue: 3.2.1
      vue-router: 4.0.12_vue@3.2.1

packages:

  /@babel/helper-validator-identifier/7.12.11:
    resolution: {integrity: sha512-np/lG3uARFybkoHokJUmf1QfEvRVCPbmQeUQpKow5cQ3xWrV9i3rUHodKDJPQfTVX61qKi+UdYk8kik84n7XOw==}
    dev: false

  /@babel/parser/7.12.11:
    resolution: {integrity: sha512-N3UxG+uuF4CMYoNj8AhnbAcJF0PiuJ9KHuy1lQmkYsxTer/MAH9UBNHsBoAX/4s6NvlDD047No8mYVGGzLL4hg==}
    engines: {node: '>=6.0.0'}
    hasBin: true
    dev: false

  /@babel/types/7.12.12:
    resolution: {integrity: sha512-lnIX7piTxOH22xE7fDXDbSHg9MM1/6ORnafpJmov5rs0kX5g4BZxeXNJLXsMRiO0U5Rb8/FvMS6xlTnTHvxonQ==}
    dependencies:
      '@babel/helper-validator-identifier': 7.12.11
      lodash: 4.17.20
      to-fast-properties: 2.0.0
    dev: false

  /@vue/compiler-core/3.2.1:
    resolution: {integrity: sha512-UEJf2ZGww5wGVdrWIXIZo04KdJFGPmI2bHRUsBZ3AdyCAqJ5ykRXKOBn1OR1hvA2YzimudOEyHM+DpbBv91Kww==}
    dependencies:
      '@babel/parser': 7.12.11
      '@babel/types': 7.12.12
      '@vue/shared': 3.2.1
      estree-walker: 2.0.2
      source-map: 0.6.1
    dev: false

  /@vue/compiler-dom/3.2.1:
    resolution: {integrity: sha512-tXg8tkPb3j54zNfWqoao9T1JI41yWPz8TROzmif/QNNA46eq8/SRuRsBd36i47GWaz7mh+yg3vOJ87/YBjcMyQ==}
    dependencies:
      '@vue/compiler-core': 3.2.1
      '@vue/shared': 3.2.1
    dev: false

  /@vue/devtools-api/6.0.12:
    resolution: {integrity: sha512-iO/4FIezHKXhiDBdKySCvJVh8/mZPxHpiQrTy+PXVqJZgpTPTdHy4q8GXulaY+UKEagdkBb0onxNQZ0LNiqVhw==}
    dev: false

  /@vue/reactivity/3.2.1:
    resolution: {integrity: sha512-4Lja2KmyiKvuraDed6dXK2A6+r/7x7xGDA7vVR2Aqc8hQVu0+FWeVX+IBfiVOSpbZXFlHLNmCBFkbuWLQSlgxg==}
    dependencies:
      '@vue/shared': 3.2.1
    dev: false

  /@vue/runtime-core/3.2.1:
    resolution: {integrity: sha512-IsgelRM/5hYeRhz5+ECi66XvYDdjG2t4lARjHvCXw5s9Q4N6uIbjLMwtLzAWRxYf3/y258BrD+ehxAi943ScJg==}
    dependencies:
      '@vue/reactivity': 3.2.1
      '@vue/shared': 3.2.1
    dev: false

  /@vue/runtime-dom/3.2.1:
    resolution: {integrity: sha512-bUAHUSe49A5wYdHQ8wsLU1CMPXaG2fRuv2661mx/6Q9+20QxglT3ss8ZeL6AVRu16JNJMcdvTTsNpbnMbVc/lQ==}
    dependencies:
      '@vue/runtime-core': 3.2.1
      '@vue/shared': 3.2.1
      csstype: 2.6.14
    dev: false

  /@vue/shared/3.2.1:
    resolution: {integrity: sha512-INN92dVBNgd0TW9BqfQQKx/HWGCHhUUbAV5EZ5FgSCiEdwuZsJbGt1mdnaD9IxGhpiyOjP2ClxGG8SFp7ELcWg==}
    dev: false

  /csstype/2.6.14:
    resolution: {integrity: sha512-2mSc+VEpGPblzAxyeR+vZhJKgYg0Og0nnRi7pmRXFYYxSfnOnW8A5wwQb4n4cE2nIOzqKOAzLCaEX6aBmNEv8A==}
    dev: false

  /estree-walker/2.0.2:
    resolution: {integrity: sha512-Rfkk/Mp/DL7JVje3u18FxFujQlTNR2q6QfMSMB7AvCBx91NGj/ba3kCfza0f6dVDbw7YlRf/nDrn7pQrCCyQ/w==}
    dev: false

  /lodash/4.17.20:
    resolution: {integrity: sha512-PlhdFcillOINfeV7Ni6oF1TAEayyZBoZ8bcshTHqOYJYlrqzRK5hagpagky5o4HfCzzd1TRkXPMFq6cKk9rGmA==}
    dev: false

  /source-map/0.6.1:
    resolution: {integrity: sha512-UjgapumWlbMhkBgzT7Ykc5YXUT46F0iKu8SGXq0bcwP5dz/h0Plj6enJqjz1Zbq2l5WaqYnrVbwWOWMyF3F47g==}
    engines: {node: '>=0.10.0'}
    dev: false

  /to-fast-properties/2.0.0:
    resolution: {integrity: sha1-3F5pjL0HkmW8c+A3doGk5Og/YW4=}
    engines: {node: '>=4'}
    dev: false

  /vue-router/4.0.12_vue@3.2.1:
    resolution: {integrity: sha512-CPXvfqe+mZLB1kBWssssTiWg4EQERyqJZes7USiqfW9B5N2x+nHlnsM1D3b5CaJ6qgCvMmYJnz+G0iWjNCvXrg==}
    peerDependencies:
      vue: ^3.0.0
    dependencies:
      '@vue/devtools-api': 6.0.12
      vue: 3.2.1
    dev: false

  /vue/3.2.1:
    resolution: {integrity: sha512-0jhXluF5mzTAK5bXw/8yq4McvsI8HwEWI4cnQwJeN8NYGRbwh9wwuE4FNv1Kej9pxBB5ajTNsWr0M6DPs5EJZg==}
    dependencies:
      '@vue/compiler-dom': 3.2.1
      '@vue/runtime-dom': 3.2.1
      '@vue/shared': 3.2.1
    dev: false
